
Microsoft Visual Studio Solution File, Format Version 12.00
# Visual Studio Version 17
VisualStudioVersion = 17.0.31912.275
MinimumVisualStudioVersion = 10.0.40219.1
Project("{FAE04EC0-301F-11D3-BF4B-00C04F79EFBC}") = "LohikaBackend", "LohikaBackend\LohikaBackend.csproj", "{B179EA7E-62F0-4D1A-9015-7C0E5D7E3D6B}"
EndProject
Project("{FAE04EC0-301F-11D3-BF4B-00C04F79EFBC}") = "Data.LohikaBackend", "Data.LohikaBackend\Data.LohikaBackend.csproj", "{95000D54-FDD3-457A-BC73-842BD83FEED6}"
EndProject
Global
	GlobalSection(SolutionConfigurationPlatforms) = preSolution
		Debug|Any CPU = Debug|Any CPU
		Release|Any CPU = Release|Any CPU
	EndGlobalSection
	GlobalSection(ProjectConfigurationPlatforms) = postSolution
		{B179EA7E-62F0-4D1A-9015-7C0E5D7E3D6B}.Debug|Any CPU.ActiveCfg = Debug|Any CPU
		{B179EA7E-62F0-4D1A-9015-7C0E5D7E3D6B}.Debug|Any CPU.Build.0 = Debug|Any CPU
		{B179EA7E-62F0-4D1A-9015-7C0E5D7E3D6B}.Release|Any CPU.ActiveCfg = Release|Any CPU
		{B179EA7E-62F0-4D1A-9015-7C0E5D7E3D6B}.Release|Any CPU.Build.0 = Release|Any CPU
		{95000D54-FDD3-457A-BC73-842BD83FEED6}.Debug|Any CPU.ActiveCfg = Debug|Any CPU
		{95000D54-FDD3-457A-BC73-842BD83FEED6}.Debug|Any CPU.Build.0 = Debug|Any CPU
		{95000D54-FDD3-457A-BC73-842BD83FEED6}.Release|Any CPU.ActiveCfg = Release|Any CPU
		{95000D54-FDD3-457A-BC73-842BD83FEED6}.Release|Any CPU.Build.0 = Release|Any CPU
	EndGlobalSection
	GlobalSection(SolutionProperties) = preSolution
		HideSolutionNode = FALSE
	EndGlobalSection
	GlobalSection(ExtensibilityGlobals) = postSolution
		SolutionGuid = {90D0DD27-33D8-40A5-9910-C95113A9F15E}
	EndGlobalSection
EndGlobal
